
Microsoft Visual Studio Solution File, Format Version 12.00
# Visual Studio Version 16
VisualStudioVersion = 16.0.30717.126
MinimumVisualStudioVersion = 10.0.40219.1
Project("{9A19103F-16F7-4668-BE54-9A1E7A4F7556}") = "XpertAditusUI", "XpertAditusUI\XpertAditusUI.csproj", "{A2852A58-7997-4D1C-9482-222F9C8A1BE2}"
EndProject
Global
	GlobalSection(SolutionConfigurationPlatforms) = preSolution
		Debug|Any CPU = Debug|Any CPU
		Release|Any CPU = Release|Any CPU
	EndGlobalSection
	GlobalSection(ProjectConfigurationPlatforms) = postSolution
		{A2852A58-7997-4D1C-9482-222F9C8A1BE2}.Debug|Any CPU.ActiveCfg = Debug|Any CPU
		{A2852A58-7997-4D1C-9482-222F9C8A1BE2}.Debug|Any CPU.Build.0 = Debug|Any CPU
		{A2852A58-7997-4D1C-9482-222F9C8A1BE2}.Release|Any CPU.ActiveCfg = Release|Any CPU
		{A2852A58-7997-4D1C-9482-222F9C8A1BE2}.Release|Any CPU.Build.0 = Release|Any CPU
	EndGlobalSection
	GlobalSection(SolutionProperties) = preSolution
		HideSolutionNode = FALSE
	EndGlobalSection
	GlobalSection(ExtensibilityGlobals) = postSolution
		SolutionGuid = {10151597-BC4E-4569-A47C-704570E45AA6}
	EndGlobalSection
EndGlobal
